
Microsoft Visual Studio Solution File, Format Version 12.00
# Visual Studio Version 16
VisualStudioVersion = 16.0.31129.286
MinimumVisualStudioVersion = 10.0.40219.1
Project("{FAE04EC0-301F-11D3-BF4B-00C04F79EFBC}") = "MyWebServer", "MyWebServer\MyWebServer.csproj", "{A3FE23B6-E16A-4C87-A343-780BAEF3398A}"
EndProject
Project("{FAE04EC0-301F-11D3-BF4B-00C04F79EFBC}") = "MyWebServer.Server", "MyWebServer.Server\MyWebServer.Server.csproj", "{38B94808-BF67-460C-ACAC-4D14F3A9DDC6}"
EndProject
Global
	GlobalSection(SolutionConfigurationPlatforms) = preSolution
		Debug|Any CPU = Debug|Any CPU
		Release|Any CPU = Release|Any CPU
	EndGlobalSection
	GlobalSection(ProjectConfigurationPlatforms) = postSolution
		{A3FE23B6-E16A-4C87-A343-780BAEF3398A}.Debug|Any CPU.ActiveCfg = Debug|Any CPU
		{A3FE23B6-E16A-4C87-A343-780BAEF3398A}.Debug|Any CPU.Build.0 = Debug|Any CPU
		{A3FE23B6-E16A-4C87-A343-780BAEF3398A}.Release|Any CPU.ActiveCfg = Release|Any CPU
		{A3FE23B6-E16A-4C87-A343-780BAEF3398A}.Release|Any CPU.Build.0 = Release|Any CPU
		{38B94808-BF67-460C-ACAC-4D14F3A9DDC6}.Debug|Any CPU.ActiveCfg = Debug|Any CPU
		{38B94808-BF67-460C-ACAC-4D14F3A9DDC6}.Debug|Any CPU.Build.0 = Debug|Any CPU
		{38B94808-BF67-460C-ACAC-4D14F3A9DDC6}.Release|Any CPU.ActiveCfg = Release|Any CPU
		{38B94808-BF67-460C-ACAC-4D14F3A9DDC6}.Release|Any CPU.Build.0 = Release|Any CPU
	EndGlobalSection
	GlobalSection(SolutionProperties) = preSolution
		HideSolutionNode = FALSE
	EndGlobalSection
	GlobalSection(ExtensibilityGlobals) = postSolution
		SolutionGuid = {1D6546D0-5AE5-43F3-90B4-569A864FEF16}
	EndGlobalSection
EndGlobal
